
Microsoft Visual Studio Solution File, Format Version 12.00
# Visual Studio Version 16
VisualStudioVersion = 16.0.29324.140
MinimumVisualStudioVersion = 10.0.40219.1
Project("{FAE04EC0-301F-11D3-BF4B-00C04F79EFBC}") = "DotNetConf2019.Android", "DotNetConf2019\DotNetConf2019.Android\DotNetConf2019.Android.csproj", "{C965513F-0A60-4FAC-B3CB-5DFD9365DB00}"
EndProject
Project("{FAE04EC0-301F-11D3-BF4B-00C04F79EFBC}") = "DotNetConf2019.iOS", "DotNetConf2019\DotNetConf2019.iOS\DotNetConf2019.iOS.csproj", "{B51F5470-7111-4EA7-B724-11CCFD8C33A4}"
EndProject
Project("{FAE04EC0-301F-11D3-BF4B-00C04F79EFBC}") = "DotNetConf2019", "DotNetConf2019\DotNetConf2019\DotNetConf2019.csproj", "{8A4B31FC-F8E5-4FAC-B5E7-C031ADCDB19C}"
EndProject
Global
	GlobalSection(SolutionConfigurationPlatforms) = preSolution
		Debug|Any CPU = Debug|Any CPU
		Debug|ARM = Debug|ARM
		Debug|iPhone = Debug|iPhone
		Debug|iPhoneSimulator = Debug|iPhoneSimulator
		Debug|x64 = Debug|x64
		Debug|x86 = Debug|x86
		Release|Any CPU = Release|Any CPU
		Release|ARM = Release|ARM
		Release|iPhone = Release|iPhone
		Release|iPhoneSimulator = Release|iPhoneSimulator
		Release|x64 = Release|x64
		Release|x86 = Release|x86
	EndGlobalSection
	GlobalSection(ProjectConfigurationPlatforms) = postSolution
		{C965513F-0A60-4FAC-B3CB-5DFD9365DB00}.Debug|Any CPU.ActiveCfg = Debug|Any CPU
		{C965513F-0A60-4FAC-B3CB-5DFD9365DB00}.Debug|Any CPU.Build.0 = Debug|Any CPU
		{C965513F-0A60-4FAC-B3CB-5DFD9365DB00}.Debug|Any CPU.Deploy.0 = Debug|Any CPU
		{C965513F-0A60-4FAC-B3CB-5DFD9365DB00}.Debug|ARM.ActiveCfg = Debug|Any CPU
		{C965513F-0A60-4FAC-B3CB-5DFD9365DB00}.Debug|ARM.Build.0 = Debug|Any CPU
		{C965513F-0A60-4FAC-B3CB-5DFD9365DB00}.Debug|ARM.Deploy.0 = Debug|Any CPU
		{C965513F-0A60-4FAC-B3CB-5DFD9365DB00}.Debug|iPhone.ActiveCfg = Debug|Any CPU
		{C965513F-0A60-4FAC-B3CB-5DFD9365DB00}.Debug|iPhone.Build.0 = Debug|Any CPU
		{C965513F-0A60-4FAC-B3CB-5DFD9365DB00}.Debug|iPhone.Deploy.0 = Debug|Any CPU
		{C965513F-0A60-4FAC-B3CB-5DFD9365DB00}.Debug|iPhoneSimulator.ActiveCfg = Debug|Any CPU
		{C965513F-0A60-4FAC-B3CB-5DFD9365DB00}.Debug|iPhoneSimulator.Build.0 = Debug|Any CPU
		{C965513F-0A60-4FAC-B3CB-5DFD9365DB00}.Debug|iPhoneSimulator.Deploy.0 = Debug|Any CPU
		{C965513F-0A60-4FAC-B3CB-5DFD9365DB00}.Debug|x64.ActiveCfg = Debug|Any CPU
		{C965513F-0A60-4FAC-B3CB-5DFD9365DB00}.Debug|x64.Build.0 = Debug|Any CPU
		{C965513F-0A60-4FAC-B3CB-5DFD9365DB00}.Debug|x64.Deploy.0 = Debug|Any CPU
		{C965513F-0A60-4FAC-B3CB-5DFD9365DB00}.Debug|x86.ActiveCfg = Debug|Any CPU
		{C965513F-0A60-4FAC-B3CB-5DFD9365DB00}.Debug|x86.Build.0 = Debug|Any CPU
		{C965513F-0A60-4FAC-B3CB-5DFD9365DB00}.Debug|x86.Deploy.0 = Debug|Any CPU
		{C965513F-0A60-4FAC-B3CB-5DFD9365DB00}.Release|Any CPU.ActiveCfg = Release|Any CPU
		{C965513F-0A60-4FAC-B3CB-5DFD9365DB00}.Release|Any CPU.Build.0 = Release|Any CPU
		{C965513F-0A60-4FAC-B3CB-5DFD9365DB00}.Release|Any CPU.Deploy.0 = Release|Any CPU
		{C965513F-0A60-4FAC-B3CB-5DFD9365DB00}.Release|ARM.ActiveCfg = Release|Any CPU
		{C965513F-0A60-4FAC-B3CB-5DFD9365DB00}.Release|ARM.Build.0 = Release|Any CPU
		{C965513F-0A60-4FAC-B3CB-5DFD9365DB00}.Release|ARM.Deploy.0 = Release|Any CPU
		{C965513F-0A60-4FAC-B3CB-5DFD9365DB00}.Release|iPhone.ActiveCfg = Release|Any CPU
		{C965513F-0A60-4FAC-B3CB-5DFD9365DB00}.Release|iPhone.Build.0 = Release|Any CPU
		{C965513F-0A60-4FAC-B3CB-5DFD9365DB00}.Release|iPhone.Deploy.0 = Release|Any CPU
		{C965513F-0A60-4FAC-B3CB-5DFD9365DB00}.Release|iPhoneSimulator.ActiveCfg = Release|Any CPU
		{C965513F-0A60-4FAC-B3CB-5DFD9365DB00}.Release|iPhoneSimulator.Build.0 = Release|Any CPU
		{C965513F-0A60-4FAC-B3CB-5DFD9365DB00}.Release|iPhoneSimulator.Deploy.0 = Release|Any CPU
		{C965513F-0A60-4FAC-B3CB-5DFD9365DB00}.Release|x64.ActiveCfg = Release|Any CPU
		{C965513F-0A60-4FAC-B3CB-5DFD9365DB00}.Release|x64.Build.0 = Release|Any CPU
		{C965513F-0A60-4FAC-B3CB-5DFD9365DB00}.Release|x64.Deploy.0 = Release|Any CPU
		{C965513F-0A60-4FAC-B3CB-5DFD9365DB00}.Release|x86.ActiveCfg = Release|Any CPU
		{C965513F-0A60-4FAC-B3CB-5DFD9365DB00}.Release|x86.Build.0 = Release|Any CPU
		{C965513F-0A60-4FAC-B3CB-5DFD9365DB00}.Release|x86.Deploy.0 = Release|Any CPU
		{B51F5470-7111-4EA7-B724-11CCFD8C33A4}.Debug|Any CPU.ActiveCfg = Debug|iPhone
		{B51F5470-7111-4EA7-B724-11CCFD8C33A4}.Debug|Any CPU.Build.0 = Debug|iPhone
		{B51F5470-7111-4EA7-B724-11CCFD8C33A4}.Debug|Any CPU.Deploy.0 = Debug|iPhone
		{B51F5470-7111-4EA7-B724-11CCFD8C33A4}.Debug|ARM.ActiveCfg = Debug|iPhoneSimulator
		{B51F5470-7111-4EA7-B724-11CCFD8C33A4}.Debug|ARM.Build.0 = Debug|iPhoneSimulator
		{B51F5470-7111-4EA7-B724-11CCFD8C33A4}.Debug|ARM.Deploy.0 = Debug|iPhoneSimulator
		{B51F5470-7111-4EA7-B724-11CCFD8C33A4}.Debug|iPhone.ActiveCfg = Debug|iPhone
		{B51F5470-7111-4EA7-B724-11CCFD8C33A4}.Debug|iPhone.Build.0 = Debug|iPhone
		{B51F5470-7111-4EA7-B724-11CCFD8C33A4}.Debug|iPhone.Deploy.0 = Debug|iPhone
		{B51F5470-7111-4EA7-B724-11CCFD8C33A4}.Debug|iPhoneSimulator.ActiveCfg = Debug|iPhoneSimulator
		{B51F5470-7111-4EA7-B724-11CCFD8C33A4}.Debug|iPhoneSimulator.Build.0 = Debug|iPhoneSimulator
		{B51F5470-7111-4EA7-B724-11CCFD8C33A4}.Debug|iPhoneSimulator.Deploy.0 = Debug|iPhoneSimulator
		{B51F5470-7111-4EA7-B724-11CCFD8C33A4}.Debug|x64.ActiveCfg = Debug|iPhone
		{B51F5470-7111-4EA7-B724-11CCFD8C33A4}.Debug|x64.Build.0 = Debug|iPhone
		{B51F5470-7111-4EA7-B724-11CCFD8C33A4}.Debug|x64.Deploy.0 = Debug|iPhone
		{B51F5470-7111-4EA7-B724-11CCFD8C33A4}.Debug|x86.ActiveCfg = Debug|iPhone
		{B51F5470-7111-4EA7-B724-11CCFD8C33A4}.Debug|x86.Build.0 = Debug|iPhone
		{B51F5470-7111-4EA7-B724-11CCFD8C33A4}.Debug|x86.Deploy.0 = Debug|iPhone
		{B51F5470-7111-4EA7-B724-11CCFD8C33A4}.Release|Any CPU.ActiveCfg = Release|iPhone
		{B51F5470-7111-4EA7-B724-11CCFD8C33A4}.Release|Any CPU.Build.0 = Release|iPhone
		{B51F5470-7111-4EA7-B724-11CCFD8C33A4}.Release|Any CPU.Deploy.0 = Release|iPhone
		{B51F5470-7111-4EA7-B724-11CCFD8C33A4}.Release|ARM.ActiveCfg = Release|iPhone
		{B51F5470-7111-4EA7-B724-11CCFD8C33A4}.Release|ARM.Build.0 = Release|iPhone
		{B51F5470-7111-4EA7-B724-11CCFD8C33A4}.Release|ARM.Deploy.0 = Release|iPhone
		{B51F5470-7111-4EA7-B724-11CCFD8C33A4}.Release|iPhone.ActiveCfg = Release|iPhone
		{B51F5470-7111-4EA7-B724-11CCFD8C33A4}.Release|iPhone.Build.0 = Release|iPhone
		{B51F5470-7111-4EA7-B724-11CCFD8C33A4}.Release|iPhone.Deploy.0 = Release|iPhone
		{B51F5470-7111-4EA7-B724-11CCFD8C33A4}.Release|iPhoneSimulator.ActiveCfg = Release|iPhoneSimulator
		{B51F5470-7111-4EA7-B724-11CCFD8C33A4}.Release|iPhoneSimulator.Build.0 = Release|iPhoneSimulator
		{B51F5470-7111-4EA7-B724-11CCFD8C33A4}.Release|iPhoneSimulator.Deploy.0 = Release|iPhoneSimulator
		{B51F5470-7111-4EA7-B724-11CCFD8C33A4}.Release|x64.ActiveCfg = Release|iPhone
		{B51F5470-7111-4EA7-B724-11CCFD8C33A4}.Release|x64.Build.0 = Release|iPhone
		{B51F5470-7111-4EA7-B724-11CCFD8C33A4}.Release|x64.Deploy.0 = Release|iPhone
		{B51F5470-7111-4EA7-B724-11CCFD8C33A4}.Release|x86.ActiveCfg = Release|iPhone
		{B51F5470-7111-4EA7-B724-11CCFD8C33A4}.Release|x86.Build.0 = Release|iPhone
		{B51F5470-7111-4EA7-B724-11CCFD8C33A4}.Release|x86.Deploy.0 = Release|iPhone
		{8A4B31FC-F8E5-4FAC-B5E7-C031ADCDB19C}.Debug|Any CPU.ActiveCfg = Debug|Any CPU
		{8A4B31FC-F8E5-4FAC-B5E7-C031ADCDB19C}.Debug|Any CPU.Build.0 = Debug|Any CPU
		{8A4B31FC-F8E5-4FAC-B5E7-C031ADCDB19C}.Debug|Any CPU.Deploy.0 = Debug|Any CPU
		{8A4B31FC-F8E5-4FAC-B5E7-C031ADCDB19C}.Debug|ARM.ActiveCfg = Debug|Any CPU
		{8A4B31FC-F8E5-4FAC-B5E7-C031ADCDB19C}.Debug|ARM.Build.0 = Debug|Any CPU
		{8A4B31FC-F8E5-4FAC-B5E7-C031ADCDB19C}.Debug|ARM.Deploy.0 = Debug|Any CPU
		{8A4B31FC-F8E5-4FAC-B5E7-C031ADCDB19C}.Debug|iPhone.ActiveCfg = Debug|Any CPU
		{8A4B31FC-F8E5-4FAC-B5E7-C031ADCDB19C}.Debug|iPhone.Build.0 = Debug|Any CPU
		{8A4B31FC-F8E5-4FAC-B5E7-C031ADCDB19C}.Debug|iPhone.Deploy.0 = Debug|Any CPU
		{8A4B31FC-F8E5-4FAC-B5E7-C031ADCDB19C}.Debug|iPhoneSimulator.ActiveCfg = Debug|Any CPU
		{8A4B31FC-F8E5-4FAC-B5E7-C031ADCDB19C}.Debug|iPhoneSimulator.Build.0 = Debug|Any CPU
		{8A4B31FC-F8E5-4FAC-B5E7-C031ADCDB19C}.Debug|iPhoneSimulator.Deploy.0 = Debug|Any CPU
		{8A4B31FC-F8E5-4FAC-B5E7-C031ADCDB19C}.Debug|x64.ActiveCfg = Debug|Any CPU
		{8A4B31FC-F8E5-4FAC-B5E7-C031ADCDB19C}.Debug|x64.Build.0 = Debug|Any CPU
		{8A4B31FC-F8E5-4FAC-B5E7-C031ADCDB19C}.Debug|x64.Deploy.0 = Debug|Any CPU
		{8A4B31FC-F8E5-4FAC-B5E7-C031ADCDB19C}.Debug|x86.ActiveCfg = Debug|Any CPU
		{8A4B31FC-F8E5-4FAC-B5E7-C031ADCDB19C}.Debug|x86.Build.0 = Debug|Any CPU
		{8A4B31FC-F8E5-4FAC-B5E7-C031ADCDB19C}.Debug|x86.Deploy.0 = Debug|Any CPU
		{8A4B31FC-F8E5-4FAC-B5E7-C031ADCDB19C}.Release|Any CPU.ActiveCfg = Release|Any CPU
		{8A4B31FC-F8E5-4FAC-B5E7-C031ADCDB19C}.Release|Any CPU.Build.0 = Release|Any CPU
		{8A4B31FC-F8E5-4FAC-B5E7-C031ADCDB19C}.Release|Any CPU.Deploy.0 = Release|Any CPU
		{8A4B31FC-F8E5-4FAC-B5E7-C031ADCDB19C}.Release|ARM.ActiveCfg = Release|Any CPU
		{8A4B31FC-F8E5-4FAC-B5E7-C031ADCDB19C}.Release|ARM.Build.0 = Release|Any CPU
		{8A4B31FC-F8E5-4FAC-B5E7-C031ADCDB19C}.Release|ARM.Deploy.0 = Release|Any CPU
		{8A4B31FC-F8E5-4FAC-B5E7-C031ADCDB19C}.Release|iPhone.ActiveCfg = Release|Any CPU
		{8A4B31FC-F8E5-4FAC-B5E7-C031ADCDB19C}.Release|iPhone.Build.0 = Release|Any CPU
		{8A4B31FC-F8E5-4FAC-B5E7-C031ADCDB19C}.Release|iPhone.Deploy.0 = Release|Any CPU
		{8A4B31FC-F8E5-4FAC-B5E7-C031ADCDB19C}.Release|iPhoneSimulator.ActiveCfg = Release|Any CPU
		{8A4B31FC-F8E5-4FAC-B5E7-C031ADCDB19C}.Release|iPhoneSimulator.Build.0 = Release|Any CPU
		{8A4B31FC-F8E5-4FAC-B5E7-C031ADCDB19C}.Release|iPhoneSimulator.Deploy.0 = Release|Any CPU
		{8A4B31FC-F8E5-4FAC-B5E7-C031ADCDB19C}.Release|x64.ActiveCfg = Release|Any CPU
		{8A4B31FC-F8E5-4FAC-B5E7-C031ADCDB19C}.Release|x64.Build.0 = Release|Any CPU
		{8A4B31FC-F8E5-4FAC-B5E7-C031ADCDB19C}.Release|x64.Deploy.0 = Release|Any CPU
		{8A4B31FC-F8E5-4FAC-B5E7-C031ADCDB19C}.Release|x86.ActiveCfg = Release|Any CPU
		{8A4B31FC-F8E5-4FAC-B5E7-C031ADCDB19C}.Release|x86.Build.0 = Release|Any CPU
		{8A4B31FC-F8E5-4FAC-B5E7-C031ADCDB19C}.Release|x86.Deploy.0 = Release|Any CPU
	EndGlobalSection
	GlobalSection(SolutionProperties) = preSolution
		HideSolutionNode = FALSE
	EndGlobalSection
	GlobalSection(ExtensibilityGlobals) = postSolution
		SolutionGuid = {7A73A6BF-2776-4B20-98C0-8135D90CB952}
	EndGlobalSection
EndGlobal
